
Microsoft Visual Studio Solution File, Format Version 12.00
# Visual Studio Version 17
VisualStudioVersion = 17.13.35931.197
MinimumVisualStudioVersion = 10.0.40219.1
Project("{FAE04EC0-301F-11D3-BF4B-00C04F79EFBC}") = "Sagrisa.API", "Sagrisa.API\Sagrisa.API.csproj", "{768D373E-75AB-45BB-981C-C311E09EFD32}"
EndProject
Project("{FAE04EC0-301F-11D3-BF4B-00C04F79EFBC}") = "Sagrisa.Domain", "Sagrisa.Domain\Sagrisa.Domain.csproj", "{6AC65CF5-2B99-49CB-B431-41E195C1D50F}"
EndProject
Project("{FAE04EC0-301F-11D3-BF4B-00C04F79EFBC}") = "Sagrisa.Application", "Sagrisa.Application\Sagrisa.Application.csproj", "{2A78B80A-B940-49AE-9AF4-C657A458FB8A}"
EndProject
Project("{FAE04EC0-301F-11D3-BF4B-00C04F79EFBC}") = "Sagrisa.Infrastructure", "Sagrisa.Infrastructure\Sagrisa.Infrastructure.csproj", "{0727294D-6B11-4F74-BCFA-F6AEEB4DD7A9}"
EndProject
Project("{2150E333-8FDC-42A3-9474-1A3956D46DE8}") = "Solution Items", "Solution Items", "{8EC462FD-D22E-90A8-E5CE-7E832BA40C5D}"
	ProjectSection(SolutionItems) = preProject
		.gitignore = .gitignore
	EndProjectSection
EndProject
Project("{FAE04EC0-301F-11D3-BF4B-00C04F79EFBC}") = "Sagrisa.UnitTests", "Sagrisa.UnitTests\Sagrisa.UnitTests.csproj", "{49C4C5DE-74C2-4D7C-A272-7E81E31A7601}"
EndProject
Global
	GlobalSection(SolutionConfigurationPlatforms) = preSolution
		Debug|Any CPU = Debug|Any CPU
		Debug|x64 = Debug|x64
		Debug|x86 = Debug|x86
		Release|Any CPU = Release|Any CPU
		Release|x64 = Release|x64
		Release|x86 = Release|x86
	EndGlobalSection
	GlobalSection(ProjectConfigurationPlatforms) = postSolution
		{768D373E-75AB-45BB-981C-C311E09EFD32}.Debug|Any CPU.ActiveCfg = Debug|Any CPU
		{768D373E-75AB-45BB-981C-C311E09EFD32}.Debug|Any CPU.Build.0 = Debug|Any CPU
		{768D373E-75AB-45BB-981C-C311E09EFD32}.Debug|x64.ActiveCfg = Debug|Any CPU
		{768D373E-75AB-45BB-981C-C311E09EFD32}.Debug|x64.Build.0 = Debug|Any CPU
		{768D373E-75AB-45BB-981C-C311E09EFD32}.Debug|x86.ActiveCfg = Debug|Any CPU
		{768D373E-75AB-45BB-981C-C311E09EFD32}.Debug|x86.Build.0 = Debug|Any CPU
		{768D373E-75AB-45BB-981C-C311E09EFD32}.Release|Any CPU.ActiveCfg = Release|Any CPU
		{768D373E-75AB-45BB-981C-C311E09EFD32}.Release|Any CPU.Build.0 = Release|Any CPU
		{768D373E-75AB-45BB-981C-C311E09EFD32}.Release|x64.ActiveCfg = Release|Any CPU
		{768D373E-75AB-45BB-981C-C311E09EFD32}.Release|x64.Build.0 = Release|Any CPU
		{768D373E-75AB-45BB-981C-C311E09EFD32}.Release|x86.ActiveCfg = Release|Any CPU
		{768D373E-75AB-45BB-981C-C311E09EFD32}.Release|x86.Build.0 = Release|Any CPU
		{6AC65CF5-2B99-49CB-B431-41E195C1D50F}.Debug|Any CPU.ActiveCfg = Debug|Any CPU
		{6AC65CF5-2B99-49CB-B431-41E195C1D50F}.Debug|Any CPU.Build.0 = Debug|Any CPU
		{6AC65CF5-2B99-49CB-B431-41E195C1D50F}.Debug|x64.ActiveCfg = Debug|Any CPU
		{6AC65CF5-2B99-49CB-B431-41E195C1D50F}.Debug|x64.Build.0 = Debug|Any CPU
		{6AC65CF5-2B99-49CB-B431-41E195C1D50F}.Debug|x86.ActiveCfg = Debug|Any CPU
		{6AC65CF5-2B99-49CB-B431-41E195C1D50F}.Debug|x86.Build.0 = Debug|Any CPU
		{6AC65CF5-2B99-49CB-B431-41E195C1D50F}.Release|Any CPU.ActiveCfg = Release|Any CPU
		{6AC65CF5-2B99-49CB-B431-41E195C1D50F}.Release|Any CPU.Build.0 = Release|Any CPU
		{6AC65CF5-2B99-49CB-B431-41E195C1D50F}.Release|x64.ActiveCfg = Release|Any CPU
		{6AC65CF5-2B99-49CB-B431-41E195C1D50F}.Release|x64.Build.0 = Release|Any CPU
		{6AC65CF5-2B99-49CB-B431-41E195C1D50F}.Release|x86.ActiveCfg = Release|Any CPU
		{6AC65CF5-2B99-49CB-B431-41E195C1D50F}.Release|x86.Build.0 = Release|Any CPU
		{2A78B80A-B940-49AE-9AF4-C657A458FB8A}.Debug|Any CPU.ActiveCfg = Debug|Any CPU
		{2A78B80A-B940-49AE-9AF4-C657A458FB8A}.Debug|Any CPU.Build.0 = Debug|Any CPU
		{2A78B80A-B940-49AE-9AF4-C657A458FB8A}.Debug|x64.ActiveCfg = Debug|Any CPU
		{2A78B80A-B940-49AE-9AF4-C657A458FB8A}.Debug|x64.Build.0 = Debug|Any CPU
		{2A78B80A-B940-49AE-9AF4-C657A458FB8A}.Debug|x86.ActiveCfg = Debug|Any CPU
		{2A78B80A-B940-49AE-9AF4-C657A458FB8A}.Debug|x86.Build.0 = Debug|Any CPU
		{2A78B80A-B940-49AE-9AF4-C657A458FB8A}.Release|Any CPU.ActiveCfg = Release|Any CPU
		{2A78B80A-B940-49AE-9AF4-C657A458FB8A}.Release|Any CPU.Build.0 = Release|Any CPU
		{2A78B80A-B940-49AE-9AF4-C657A458FB8A}.Release|x64.ActiveCfg = Release|Any CPU
		{2A78B80A-B940-49AE-9AF4-C657A458FB8A}.Release|x64.Build.0 = Release|Any CPU
		{2A78B80A-B940-49AE-9AF4-C657A458FB8A}.Release|x86.ActiveCfg = Release|Any CPU
		{2A78B80A-B940-49AE-9AF4-C657A458FB8A}.Release|x86.Build.0 = Release|Any CPU
		{0727294D-6B11-4F74-BCFA-F6AEEB4DD7A9}.Debug|Any CPU.ActiveCfg = Debug|Any CPU
		{0727294D-6B11-4F74-BCFA-F6AEEB4DD7A9}.Debug|Any CPU.Build.0 = Debug|Any CPU
		{0727294D-6B11-4F74-BCFA-F6AEEB4DD7A9}.Debug|x64.ActiveCfg = Debug|Any CPU
		{0727294D-6B11-4F74-BCFA-F6AEEB4DD7A9}.Debug|x64.Build.0 = Debug|Any CPU
		{0727294D-6B11-4F74-BCFA-F6AEEB4DD7A9}.Debug|x86.ActiveCfg = Debug|Any CPU
		{0727294D-6B11-4F74-BCFA-F6AEEB4DD7A9}.Debug|x86.Build.0 = Debug|Any CPU
		{0727294D-6B11-4F74-BCFA-F6AEEB4DD7A9}.Release|Any CPU.ActiveCfg = Release|Any CPU
		{0727294D-6B11-4F74-BCFA-F6AEEB4DD7A9}.Release|Any CPU.Build.0 = Release|Any CPU
		{0727294D-6B11-4F74-BCFA-F6AEEB4DD7A9}.Release|x64.ActiveCfg = Release|Any CPU
		{0727294D-6B11-4F74-BCFA-F6AEEB4DD7A9}.Release|x64.Build.0 = Release|Any CPU
		{0727294D-6B11-4F74-BCFA-F6AEEB4DD7A9}.Release|x86.ActiveCfg = Release|Any CPU
		{0727294D-6B11-4F74-BCFA-F6AEEB4DD7A9}.Release|x86.Build.0 = Release|Any CPU
		{49C4C5DE-74C2-4D7C-A272-7E81E31A7601}.Debug|Any CPU.ActiveCfg = Debug|Any CPU
		{49C4C5DE-74C2-4D7C-A272-7E81E31A7601}.Debug|Any CPU.Build.0 = Debug|Any CPU
		{49C4C5DE-74C2-4D7C-A272-7E81E31A7601}.Debug|x64.ActiveCfg = Debug|Any CPU
		{49C4C5DE-74C2-4D7C-A272-7E81E31A7601}.Debug|x64.Build.0 = Debug|Any CPU
		{49C4C5DE-74C2-4D7C-A272-7E81E31A7601}.Debug|x86.ActiveCfg = Debug|Any CPU
		{49C4C5DE-74C2-4D7C-A272-7E81E31A7601}.Debug|x86.Build.0 = Debug|Any CPU
		{49C4C5DE-74C2-4D7C-A272-7E81E31A7601}.Release|Any CPU.ActiveCfg = Release|Any CPU
		{49C4C5DE-74C2-4D7C-A272-7E81E31A7601}.Release|Any CPU.Build.0 = Release|Any CPU
		{49C4C5DE-74C2-4D7C-A272-7E81E31A7601}.Release|x64.ActiveCfg = Release|Any CPU
		{49C4C5DE-74C2-4D7C-A272-7E81E31A7601}.Release|x64.Build.0 = Release|Any CPU
		{49C4C5DE-74C2-4D7C-A272-7E81E31A7601}.Release|x86.ActiveCfg = Release|Any CPU
		{49C4C5DE-74C2-4D7C-A272-7E81E31A7601}.Release|x86.Build.0 = Release|Any CPU
	EndGlobalSection
	GlobalSection(SolutionProperties) = preSolution
		HideSolutionNode = FALSE
	EndGlobalSection
	GlobalSection(ExtensibilityGlobals) = postSolution
		SolutionGuid = {F7C94215-8064-4ED3-8908-B01AAD79D844}
	EndGlobalSection
EndGlobal
